
Microsoft Visual Studio Solution File, Format Version 12.00
# Visual Studio Version 17
VisualStudioVersion = 17.12.35521.163 d17.12
MinimumVisualStudioVersion = 10.0.40219.1
Project("{FAE04EC0-301F-11D3-BF4B-00C04F79EFBC}") = "QuizApp.Core", "QuizApp.Core\QuizApp.Core.csproj", "{AA66DEBB-B1CA-4DFF-AA85-B08825B8E3A1}"
EndProject
Project("{FAE04EC0-301F-11D3-BF4B-00C04F79EFBC}") = "QuizApp.Data", "QuizApp.Data\QuizApp.Data.csproj", "{201ED3B7-2642-4534-9D1E-BA8A5C0BE66F}"
EndProject
Project("{FAE04EC0-301F-11D3-BF4B-00C04F79EFBC}") = "QuizApp.Application", "QuizApp.Application\QuizApp.Application.csproj", "{B91EAD47-ADFF-4E3E-AC88-59643B1D43F1}"
EndProject
Project("{FAE04EC0-301F-11D3-BF4B-00C04F79EFBC}") = "QuizApp.Tests", "QuizApp.Tests\QuizApp.Tests.csproj", "{347B245D-13BB-47C1-8A9C-6978A4AD3226}"
EndProject
Global
	GlobalSection(SolutionConfigurationPlatforms) = preSolution
		Debug|Any CPU = Debug|Any CPU
		Release|Any CPU = Release|Any CPU
	EndGlobalSection
	GlobalSection(ProjectConfigurationPlatforms) = postSolution
		{AA66DEBB-B1CA-4DFF-AA85-B08825B8E3A1}.Debug|Any CPU.ActiveCfg = Debug|Any CPU
		{AA66DEBB-B1CA-4DFF-AA85-B08825B8E3A1}.Debug|Any CPU.Build.0 = Debug|Any CPU
		{AA66DEBB-B1CA-4DFF-AA85-B08825B8E3A1}.Release|Any CPU.ActiveCfg = Release|Any CPU
		{AA66DEBB-B1CA-4DFF-AA85-B08825B8E3A1}.Release|Any CPU.Build.0 = Release|Any CPU
		{201ED3B7-2642-4534-9D1E-BA8A5C0BE66F}.Debug|Any CPU.ActiveCfg = Debug|Any CPU
		{201ED3B7-2642-4534-9D1E-BA8A5C0BE66F}.Debug|Any CPU.Build.0 = Debug|Any CPU
		{201ED3B7-2642-4534-9D1E-BA8A5C0BE66F}.Release|Any CPU.ActiveCfg = Release|Any CPU
		{201ED3B7-2642-4534-9D1E-BA8A5C0BE66F}.Release|Any CPU.Build.0 = Release|Any CPU
		{B91EAD47-ADFF-4E3E-AC88-59643B1D43F1}.Debug|Any CPU.ActiveCfg = Debug|Any CPU
		{B91EAD47-ADFF-4E3E-AC88-59643B1D43F1}.Debug|Any CPU.Build.0 = Debug|Any CPU
		{B91EAD47-ADFF-4E3E-AC88-59643B1D43F1}.Release|Any CPU.ActiveCfg = Release|Any CPU
		{B91EAD47-ADFF-4E3E-AC88-59643B1D43F1}.Release|Any CPU.Build.0 = Release|Any CPU
		{347B245D-13BB-47C1-8A9C-6978A4AD3226}.Debug|Any CPU.ActiveCfg = Debug|Any CPU
		{347B245D-13BB-47C1-8A9C-6978A4AD3226}.Debug|Any CPU.Build.0 = Debug|Any CPU
		{347B245D-13BB-47C1-8A9C-6978A4AD3226}.Release|Any CPU.ActiveCfg = Release|Any CPU
		{347B245D-13BB-47C1-8A9C-6978A4AD3226}.Release|Any CPU.Build.0 = Release|Any CPU
	EndGlobalSection
	GlobalSection(SolutionProperties) = preSolution
		HideSolutionNode = FALSE
	EndGlobalSection
EndGlobal
